// !$*UTF8*$!
{
	archiveVersion = 1;
	classes = {
	};
	objectVersion = 56;
	objects = {

/* Begin PBXBuildFile section */
		C32F98A12A49836D00D83E0B /* AppDelegate.swift in Sources */ = {isa = PBXBuildFile; fileRef = C32F98A02A49836D00D83E0B /* AppDelegate.swift */; };
		C32F98A82A49836D00D83E0B /* Main.storyboard in Resources */ = {isa = PBXBuildFile; fileRef = C32F98A62A49836D00D83E0B /* Main.storyboard */; };
		C32F98AA2A49836F00D83E0B /* Assets.xcassets in Resources */ = {isa = PBXBuildFile; fileRef = C32F98A92A49836F00D83E0B /* Assets.xcassets */; };
		C32F98AD2A49836F00D83E0B /* LaunchScreen.storyboard in Resources */ = {isa = PBXBuildFile; fileRef = C32F98AB2A49836F00D83E0B /* LaunchScreen.storyboard */; };
		C32F98B52A49854100D83E0B /* Pokemon.swift in Sources */ = {isa = PBXBuildFile; fileRef = C32F98B42A49854100D83E0B /* Pokemon.swift */; };
		C32F98B72A4985A000D83E0B /* PokedexCell.swift in Sources */ = {isa = PBXBuildFile; fileRef = C32F98B62A4985A000D83E0B /* PokedexCell.swift */; };
		C32F98B92A49861300D83E0B /* InfoView.swift in Sources */ = {isa = PBXBuildFile; fileRef = C32F98B82A49861300D83E0B /* InfoView.swift */; };
		C32F98C32A4988DC00D83E0B /* PokdexController.swift in Sources */ = {isa = PBXBuildFile; fileRef = C32F98C22A4988DC00D83E0B /* PokdexController.swift */; };
		C32F98C52A49890900D83E0B /* PokemonInfoController.swift in Sources */ = {isa = PBXBuildFile; fileRef = C32F98C42A49890900D83E0B /* PokemonInfoController.swift */; };
		C32F98C72A49893D00D83E0B /* Service.swift in Sources */ = {isa = PBXBuildFile; fileRef = C32F98C62A49893D00D83E0B /* Service.swift */; };
		C32F98C92A49898400D83E0B /* Extensions.swift in Sources */ = {isa = PBXBuildFile; fileRef = C32F98C82A49898400D83E0B /* Extensions.swift */; };
/* End PBXBuildFile section */

/* Begin PBXFileReference section */
		C32F989D2A49836D00D83E0B /* Pokedex_App.app */ = {isa = PBXFileReference; explicitFileType = wrapper.application; includeInIndex = 0; path = Pokedex_App.app; sourceTree = BUILT_PRODUCTS_DIR; };
		C32F98A02A49836D00D83E0B /* AppDelegate.swift */ = {isa = PBXFileReference; lastKnownFileType = sourcecode.swift; path = AppDelegate.swift; sourceTree = "<group>"; };
		C32F98A72A49836D00D83E0B /* Base */ = {isa = PBXFileReference; lastKnownFileType = file.storyboard; name = Base; path = Base.lproj/Main.storyboard; sourceTree = "<group>"; };
		C32F98A92A49836F00D83E0B /* Assets.xcassets */ = {isa = PBXFileReference; lastKnownFileType = folder.assetcatalog; path = Assets.xcassets; sourceTree = "<group>"; };
		C32F98AC2A49836F00D83E0B /* Base */ = {isa = PBXFileReference; lastKnownFileType = file.storyboard; name = Base; path = Base.lproj/LaunchScreen.storyboard; sourceTree = "<group>"; };
		C32F98AE2A49836F00D83E0B /* Info.plist */ = {isa = PBXFileReference; lastKnownFileType = text.plist.xml; path = Info.plist; sourceTree = "<group>"; };
		C32F98B42A49854100D83E0B /* Pokemon.swift */ = {isa = PBXFileReference; lastKnownFileType = sourcecode.swift; path = Pokemon.swift; sourceTree = "<group>"; };
		C32F98B62A4985A000D83E0B /* PokedexCell.swift */ = {isa = PBXFileReference; lastKnownFileType = sourcecode.swift; path = PokedexCell.swift; sourceTree = "<group>"; };
		C32F98B82A49861300D83E0B /* InfoView.swift */ = {isa = PBXFileReference; lastKnownFileType = sourcecode.swift; path = InfoView.swift; sourceTree = "<group>"; };
		C32F98C22A4988DC00D83E0B /* PokdexController.swift */ = {isa = PBXFileReference; lastKnownFileType = sourcecode.swift; path = PokdexController.swift; sourceTree = "<group>"; };
		C32F98C42A49890900D83E0B /* PokemonInfoController.swift */ = {isa = PBXFileReference; lastKnownFileType = sourcecode.swift; path = PokemonInfoController.swift; sourceTree = "<group>"; };
		C32F98C62A49893D00D83E0B /* Service.swift */ = {isa = PBXFileReference; lastKnownFileType = sourcecode.swift; path = Service.swift; sourceTree = "<group>"; };
		C32F98C82A49898400D83E0B /* Extensions.swift */ = {isa = PBXFileReference; lastKnownFileType = sourcecode.swift; path = Extensions.swift; sourceTree = "<group>"; };
/* End PBXFileReference section */

/* Begin PBXFrameworksBuildPhase section */
		C32F989A2A49836D00D83E0B /* Frameworks */ = {
			isa = PBXFrameworksBuildPhase;
			buildActionMask = 2147483647;
			files = (
			);
			runOnlyForDeploymentPostprocessing = 0;
		};
/* End PBXFrameworksBuildPhase section */

/* Begin PBXGroup section */
		C32F98942A49836D00D83E0B = {
			isa = PBXGroup;
			children = (
				C32F989F2A49836D00D83E0B /* Pokedex_App */,
				C32F989E2A49836D00D83E0B /* Products */,
			);
			sourceTree = "<group>";
		};
		C32F989E2A49836D00D83E0B /* Products */ = {
			isa = PBXGroup;
			children = (
				C32F989D2A49836D00D83E0B /* Pokedex_App.app */,
			);
			name = Products;
			sourceTree = "<group>";
		};
		C32F989F2A49836D00D83E0B /* Pokedex_App */ = {
			isa = PBXGroup;
			children = (
				C32F98C02A4987D000D83E0B /* Model */,
				C32F98BF2A49874A00D83E0B /* View */,
				C32F98BE2A49874600D83E0B /* Controller */,
				C32F98BD2A49874400D83E0B /* Service */,
				C32F98BC2A49874200D83E0B /* Utils */,
				C32F98A02A49836D00D83E0B /* AppDelegate.swift */,
				C32F98A62A49836D00D83E0B /* Main.storyboard */,
				C32F98A92A49836F00D83E0B /* Assets.xcassets */,
				C32F98AB2A49836F00D83E0B /* LaunchScreen.storyboard */,
				C32F98AE2A49836F00D83E0B /* Info.plist */,
			);
			path = Pokedex_App;
			sourceTree = "<group>";
		};
		C32F98BC2A49874200D83E0B /* Utils */ = {
			isa = PBXGroup;
			children = (
				C32F98C82A49898400D83E0B /* Extensions.swift */,
			);
			path = Utils;
			sourceTree = "<group>";
		};
		C32F98BD2A49874400D83E0B /* Service */ = {
			isa = PBXGroup;
			children = (
				C32F98C62A49893D00D83E0B /* Service.swift */,
			);
			path = Service;
			sourceTree = "<group>";
		};
		C32F98BE2A49874600D83E0B /* Controller */ = {
			isa = PBXGroup;
			children = (
				C32F98C22A4988DC00D83E0B /* PokdexController.swift */,
				C32F98C42A49890900D83E0B /* PokemonInfoController.swift */,
			);
			path = Controller;
			sourceTree = "<group>";
		};
		C32F98BF2A49874A00D83E0B /* View */ = {
			isa = PBXGroup;
			children = (
				C32F98B62A4985A000D83E0B /* PokedexCell.swift */,
				C32F98B82A49861300D83E0B /* InfoView.swift */,
			);
			path = View;
			sourceTree = "<group>";
		};
		C32F98C02A4987D000D83E0B /* Model */ = {
			isa = PBXGroup;
			children = (
				C32F98B42A49854100D83E0B /* Pokemon.swift */,
			);
			path = Model;
			sourceTree = "<group>";
		};
/* End PBXGroup section */

/* Begin PBXNativeTarget section */
		C32F989C2A49836D00D83E0B /* Pokedex_App */ = {
			isa = PBXNativeTarget;
			buildConfigurationList = C32F98B12A49836F00D83E0B /* Build configuration list for PBXNativeTarget "Pokedex_App" */;
			buildPhases = (
				C32F98992A49836D00D83E0B /* Sources */,
				C32F989A2A49836D00D83E0B /* Frameworks */,
				C32F989B2A49836D00D83E0B /* Resources */,
			);
			buildRules = (
			);
			dependencies = (
			);
			name = Pokedex_App;
			productName = Pokedex_App;
			productReference = C32F989D2A49836D00D83E0B /* Pokedex_App.app */;
			productType = "com.apple.product-type.application";
		};
/* End PBXNativeTarget section */

/* Begin PBXProject section */
		C32F98952A49836D00D83E0B /* Project object */ = {
			isa = PBXProject;
			attributes = {
				BuildIndependentTargetsInParallel = 1;
				LastSwiftUpdateCheck = 1430;
				LastUpgradeCheck = 1430;
				TargetAttributes = {
					C32F989C2A49836D00D83E0B = {
						CreatedOnToolsVersion = 14.3;
					};
				};
			};
			buildConfigurationList = C32F98982A49836D00D83E0B /* Build configuration list for PBXProject "Pokedex_App" */;
			compatibilityVersion = "Xcode 14.0";
			developmentRegion = en;
			hasScannedForEncodings = 0;
			knownRegions = (
				en,
				Base,
			);
			mainGroup = C32F98942A49836D00D83E0B;
			productRefGroup = C32F989E2A49836D00D83E0B /* Products */;
			projectDirPath = "";
			projectRoot = "";
			targets = (
				C32F989C2A49836D00D83E0B /* Pokedex_App */,
			);
		};
/* End PBXProject section */

/* Begin PBXResourcesBuildPhase section */
		C32F989B2A49836D00D83E0B /* Resources */ = {
			isa = PBXResourcesBuildPhase;
			buildActionMask = 2147483647;
			files = (
				C32F98AD2A49836F00D83E0B /* LaunchScreen.storyboard in Resources */,
				C32F98AA2A49836F00D83E0B /* Assets.xcassets in Resources */,
				C32F98A82A49836D00D83E0B /* Main.storyboard in Resources */,
			);
			runOnlyForDeploymentPostprocessing = 0;
		};
/* End PBXResourcesBuildPhase section */

/* Begin PBXSourcesBuildPhase section */
		C32F98992A49836D00D83E0B /* Sources */ = {
			isa = PBXSourcesBuildPhase;
			buildActionMask = 2147483647;
			files = (
				C32F98B52A49854100D83E0B /* Pokemon.swift in Sources */,
				C32F98A12A49836D00D83E0B /* AppDelegate.swift in Sources */,
				C32F98B92A49861300D83E0B /* InfoView.swift in Sources */,
				C32F98C92A49898400D83E0B /* Extensions.swift in Sources */,
				C32F98C72A49893D00D83E0B /* Service.swift in Sources */,
				C32F98C32A4988DC00D83E0B /* PokdexController.swift in Sources */,
				C32F98B72A4985A000D83E0B /* PokedexCell.swift in Sources */,
				C32F98C52A49890900D83E0B /* PokemonInfoController.swift in Sources */,
			);
			runOnlyForDeploymentPostprocessing = 0;
		};
/* End PBXSourcesBuildPhase section */

/* Begin PBXVariantGroup section */
		C32F98A62A49836D00D83E0B /* Main.storyboard */ = {
			isa = PBXVariantGroup;
			children = (
				C32F98A72A49836D00D83E0B /* Base */,
			);
			name = Main.storyboard;
			sourceTree = "<group>";
		};
		C32F98AB2A49836F00D83E0B /* LaunchScreen.storyboard */ = {
			isa = PBXVariantGroup;
			children = (
				C32F98AC2A49836F00D83E0B /* Base */,
			);
			name = LaunchScreen.storyboard;
			sourceTree = "<group>";
		};
/* End PBXVariantGroup section */

/* Begin XCBuildConfiguration section */
		C32F98AF2A49836F00D83E0B /* Debug */ = {
			isa = XCBuildConfiguration;
			buildSettings = {
				ALWAYS_SEARCH_USER_PATHS = NO;
				CLANG_ANALYZER_NONNULL = YES;
				CLANG_ANALYZER_NUMBER_OBJECT_CONVERSION = YES_AGGRESSIVE;
				CLANG_CXX_LANGUAGE_STANDARD = "gnu++20";
				CLANG_ENABLE_MODULES = YES;
				CLANG_ENABLE_OBJC_ARC = YES;
				CLANG_ENABLE_OBJC_WEAK = YES;
				CLANG_WARN_BLOCK_CAPTURE_AUTORELEASING = YES;
				CLANG_WARN_BOOL_CONVERSION = YES;
				CLANG_WARN_COMMA = YES;
				CLANG_WARN_CONSTANT_CONVERSION = YES;
				CLANG_WARN_DEPRECATED_OBJC_IMPLEMENTATIONS = YES;
				CLANG_WARN_DIRECT_OBJC_ISA_USAGE = YES_ERROR;
				CLANG_WARN_DOCUMENTATION_COMMENTS = YES;
				CLANG_WARN_EMPTY_BODY = YES;
				CLANG_WARN_ENUM_CONVERSION = YES;
				CLANG_WARN_INFINITE_RECURSION = YES;
				CLANG_WARN_INT_CONVERSION = YES;
				CLANG_WARN_NON_LITERAL_NULL_CONVERSION = YES;
				CLANG_WARN_OBJC_IMPLICIT_RETAIN_SELF = YES;
				CLANG_WARN_OBJC_LITERAL_CONVERSION = YES;
				CLANG_WARN_OBJC_ROOT_CLASS = YES_ERROR;
				CLANG_WARN_QUOTED_INCLUDE_IN_FRAMEWORK_HEADER = YES;
				CLANG_WARN_RANGE_LOOP_ANALYSIS = YES;
				CLANG_WARN_STRICT_PROTOTYPES = YES;
				CLANG_WARN_SUSPICIOUS_MOVE = YES;
				CLANG_WARN_UNGUARDED_AVAILABILITY = YES_AGGRESSIVE;
				CLANG_WARN_UNREACHABLE_CODE = YES;
				CLANG_WARN__DUPLICATE_METHOD_MATCH = YES;
				COPY_PHASE_STRIP = NO;
				DEBUG_INFORMATION_FORMAT = dwarf;
				ENABLE_STRICT_OBJC_MSGSEND = YES;
				ENABLE_TESTABILITY = YES;
				GCC_C_LANGUAGE_STANDARD = gnu11;
				GCC_DYNAMIC_NO_PIC = NO;
				GCC_NO_COMMON_BLOCKS = YES;
				GCC_OPTIMIZATION_LEVEL = 0;
				GCC_PREPROCESSOR_DEFINITIONS = (
					"DEBUG=1",
					"$(inherited)",
				);
				GCC_WARN_64_TO_32_BIT_CONVERSION = YES;
				GCC_WARN_ABOUT_RETURN_TYPE = YES_ERROR;
				GCC_WARN_UNDECLARED_SELECTOR = YES;
				GCC_WARN_UNINITIALIZED_AUTOS = YES_AGGRESSIVE;
				GCC_WARN_UNUSED_FUNCTION = YES;
				GCC_WARN_UNUSED_VARIABLE = YES;
				IPHONEOS_DEPLOYMENT_TARGET = 16.4;
				MTL_ENABLE_DEBUG_INFO = INCLUDE_SOURCE;
				MTL_FAST_MATH = YES;
				ONLY_ACTIVE_ARCH = YES;
				SDKROOT = iphoneos;
				SWIFT_ACTIVE_COMPILATION_CONDITIONS = DEBUG;
				SWIFT_OPTIMIZATION_LEVEL = "-Onone";
			};
			name = Debug;
		};
		C32F98B02A49836F00D83E0B /* Release */ = {
			isa = XCBuildConfiguration;
			buildSettings = {
				ALWAYS_SEARCH_USER_PATHS = NO;
				CLANG_ANALYZER_NONNULL = YES;
				CLANG_ANALYZER_NUMBER_OBJECT_CONVERSION = YES_AGGRESSIVE;
				CLANG_CXX_LANGUAGE_STANDARD = "gnu++20";
				CLANG_ENABLE_MODULES = YES;
				CLANG_ENABLE_OBJC_ARC = YES;
				CLANG_ENABLE_OBJC_WEAK = YES;
				CLANG_WARN_BLOCK_CAPTURE_AUTORELEASING = YES;
				CLANG_WARN_BOOL_CONVERSION = YES;
				CLANG_WARN_COMMA = YES;
				CLANG_WARN_CONSTANT_CONVERSION = YES;
				CLANG_WARN_DEPRECATED_OBJC_IMPLEMENTATIONS = YES;
				CLANG_WARN_DIRECT_OBJC_ISA_USAGE = YES_ERROR;
				CLANG_WARN_DOCUMENTATION_COMMENTS = YES;
				CLANG_WARN_EMPTY_BODY = YES;
				CLANG_WARN_ENUM_CONVERSION = YES;
				CLANG_WARN_INFINITE_RECURSION = YES;
				CLANG_WARN_INT_CONVERSION = YES;
				CLANG_WARN_NON_LITERAL_NULL_CONVERSION = YES;
				CLANG_WARN_OBJC_IMPLICIT_RETAIN_SELF = YES;
				CLANG_WARN_OBJC_LITERAL_CONVERSION = YES;
				CLANG_WARN_OBJC_ROOT_CLASS = YES_ERROR;
				CLANG_WARN_QUOTED_INCLUDE_IN_FRAMEWORK_HEADER = YES;
				CLANG_WARN_RANGE_LOOP_ANALYSIS = YES;
				CLANG_WARN_STRICT_PROTOTYPES = YES;
				CLANG_WARN_SUSPICIOUS_MOVE = YES;
				CLANG_WARN_UNGUARDED_AVAILABILITY = YES_AGGRESSIVE;
				CLANG_WARN_UNREACHABLE_CODE = YES;
				CLANG_WARN__DUPLICATE_METHOD_MATCH = YES;
				COPY_PHASE_STRIP = NO;
				DEBUG_INFORMATION_FORMAT = "dwarf-with-dsym";
				ENABLE_NS_ASSERTIONS = NO;
				ENABLE_STRICT_OBJC_MSGSEND = YES;
				GCC_C_LANGUAGE_STANDARD = gnu11;
				GCC_NO_COMMON_BLOCKS = YES;
				GCC_WARN_64_TO_32_BIT_CONVERSION = YES;
				GCC_WARN_ABOUT_RETURN_TYPE = YES_ERROR;
				GCC_WARN_UNDECLARED_SELECTOR = YES;
				GCC_WARN_UNINITIALIZED_AUTOS = YES_AGGRESSIVE;
				GCC_WARN_UNUSED_FUNCTION = YES;
				GCC_WARN_UNUSED_VARIABLE = YES;
				IPHONEOS_DEPLOYMENT_TARGET = 16.4;
				MTL_ENABLE_DEBUG_INFO = NO;
				MTL_FAST_MATH = YES;
				SDKROOT = iphoneos;
				SWIFT_COMPILATION_MODE = wholemodule;
				SWIFT_OPTIMIZATION_LEVEL = "-O";
				VALIDATE_PRODUCT = YES;
			};
			name = Release;
		};
		C32F98B22A49836F00D83E0B /* Debug */ = {
			isa = XCBuildConfiguration;
			buildSettings = {
				ASSETCATALOG_COMPILER_APPICON_NAME = AppIcon;
				ASSETCATALOG_COMPILER_GLOBAL_ACCENT_COLOR_NAME = AccentColor;
				CODE_SIGN_STYLE = Automatic;
				CURRENT_PROJECT_VERSION = 1;
				DEVELOPMENT_TEAM = KCAZS6A2A6;
				GENERATE_INFOPLIST_FILE = YES;
				INFOPLIST_FILE = Pokedex_App/Info.plist;
				INFOPLIST_KEY_UIApplicationSupportsIndirectInputEvents = YES;
				INFOPLIST_KEY_UILaunchStoryboardName = LaunchScreen;
				INFOPLIST_KEY_UIMainStoryboardFile = Main;
				INFOPLIST_KEY_UISupportedInterfaceOrientations_iPad = "UIInterfaceOrientationPortrait UIInterfaceOrientationPortraitUpsideDown UIInterfaceOrientationLandscapeLeft UIInterfaceOrientationLandscapeRight";
				INFOPLIST_KEY_UISupportedInterfaceOrientations_iPhone = "UIInterfaceOrientationPortrait UIInterfaceOrientationLandscapeLeft UIInterfaceOrientationLandscapeRight";
				LD_RUNPATH_SEARCH_PATHS = (
					"$(inherited)",
					"@executable_path/Frameworks",
				);
				MARKETING_VERSION = 1.0;
				PRODUCT_BUNDLE_IDENTIFIER = "com.ahmetozcan.Pokedex-App";
				PRODUCT_NAME = "$(TARGET_NAME)";
				SWIFT_EMIT_LOC_STRINGS = YES;
				SWIFT_VERSION = 5.0;
				TARGETED_DEVICE_FAMILY = "1,2";
			};
			name = Debug;
		};
		C32F98B32A49836F00D83E0B /* Release */ = {
			isa = XCBuildConfiguration;
			buildSettings = {
				ASSETCATALOG_COMPILER_APPICON_NAME = AppIcon;
				ASSETCATALOG_COMPILER_GLOBAL_ACCENT_COLOR_NAME = AccentColor;
				CODE_SIGN_STYLE = Automatic;
				CURRENT_PROJECT_VERSION = 1;
				DEVELOPMENT_TEAM = KCAZS6A2A6;
				GENERATE_INFOPLIST_FILE = YES;
				INFOPLIST_FILE = Pokedex_App/Info.plist;
				INFOPLIST_KEY_UIApplicationSupportsIndirectInputEvents = YES;
				INFOPLIST_KEY_UILaunchStoryboardName = LaunchScreen;
				INFOPLIST_KEY_UIMainStoryboardFile = Main;
				INFOPLIST_KEY_UISupportedInterfaceOrientations_iPad = "UIInterfaceOrientationPortrait UIInterfaceOrientationPortraitUpsideDown UIInterfaceOrientationLandscapeLeft UIInterfaceOrientationLandscapeRight";
				INFOPLIST_KEY_UISupportedInterfaceOrientations_iPhone = "UIInterfaceOrientationPortrait UIInterfaceOrientationLandscapeLeft UIInterfaceOrientationLandscapeRight";
				LD_RUNPATH_SEARCH_PATHS = (
					"$(inherited)",
					"@executable_path/Frameworks",
				);
				MARKETING_VERSION = 1.0;
				PRODUCT_BUNDLE_IDENTIFIER = "com.ahmetozcan.Pokedex-App";
				PRODUCT_NAME = "$(TARGET_NAME)";
				SWIFT_EMIT_LOC_STRINGS = YES;
				SWIFT_VERSION = 5.0;
				TARGETED_DEVICE_FAMILY = "1,2";
			};
			name = Release;
		};
/* End XCBuildConfiguration section */

/* Begin XCConfigurationList section */
		C32F98982A49836D00D83E0B /* Build configuration list for PBXProject "Pokedex_App" */ = {
			isa = XCConfigurationList;
			buildConfigurations = (
				C32F98AF2A49836F00D83E0B /* Debug */,
				C32F98B02A49836F00D83E0B /* Release */,
			);
			defaultConfigurationIsVisible = 0;
			defaultConfigurationName = Release;
		};
		C32F98B12A49836F00D83E0B /* Build configuration list for PBXNativeTarget "Pokedex_App" */ = {
			isa = XCConfigurationList;
			buildConfigurations = (
				C32F98B22A49836F00D83E0B /* Debug */,
				C32F98B32A49836F00D83E0B /* Release */,
			);
			defaultConfigurationIsVisible = 0;
			defaultConfigurationName = Release;
		};
/* End XCConfigurationList section */
	};
	rootObject = C32F98952A49836D00D83E0B /* Project object */;
}
